
Microsoft Visual Studio Solution File, Format Version 12.00
# Visual Studio 15
Project("{FAE04EC0-301F-11D3-BF4B-00C04F79EFBC}") = "Assembly-CSharp", "Assembly-CSharp.csproj", "{F8D3B899-AA7A-17C6-CE20-36FCD6824BF4}"
EndProject
Project("{FAE04EC0-301F-11D3-BF4B-00C04F79EFBC}") = "Assembly-CSharp-Editor", "Assembly-CSharp-Editor.csproj", "{775A1F17-95AE-EA6A-C347-5B030A7068C5}"
EndProject
Global
	GlobalSection(SolutionConfigurationPlatforms) = preSolution
		Debug|Any CPU = Debug|Any CPU
		Release|Any CPU = Release|Any CPU
	EndGlobalSection
	GlobalSection(ProjectConfigurationPlatforms) = postSolution
		{F8D3B899-AA7A-17C6-CE20-36FCD6824BF4}.Debug|Any CPU.ActiveCfg = Debug|Any CPU
		{F8D3B899-AA7A-17C6-CE20-36FCD6824BF4}.Debug|Any CPU.Build.0 = Debug|Any CPU
		{F8D3B899-AA7A-17C6-CE20-36FCD6824BF4}.Release|Any CPU.ActiveCfg = Release|Any CPU
		{F8D3B899-AA7A-17C6-CE20-36FCD6824BF4}.Release|Any CPU.Build.0 = Release|Any CPU
		{775A1F17-95AE-EA6A-C347-5B030A7068C5}.Debug|Any CPU.ActiveCfg = Debug|Any CPU
		{775A1F17-95AE-EA6A-C347-5B030A7068C5}.Debug|Any CPU.Build.0 = Debug|Any CPU
		{775A1F17-95AE-EA6A-C347-5B030A7068C5}.Release|Any CPU.ActiveCfg = Release|Any CPU
		{775A1F17-95AE-EA6A-C347-5B030A7068C5}.Release|Any CPU.Build.0 = Release|Any CPU
	EndGlobalSection
	GlobalSection(SolutionProperties) = preSolution
		HideSolutionNode = FALSE
	EndGlobalSection
EndGlobal
